
Microsoft Visual Studio Solution File, Format Version 12.00
# Visual Studio Version 16
VisualStudioVersion = 16.0.31613.86
MinimumVisualStudioVersion = 10.0.40219.1
Project("{8BC9CEB8-8B4A-11D0-8D11-00A0C91BC942}") = "C_langauge Project", "C_langauge Project\C_langauge Project.vcxproj", "{9A0FD5A6-7433-45EE-ABA4-35DB7C985C0C}"
EndProject
Global
	GlobalSection(SolutionConfigurationPlatforms) = preSolution
		Debug|x64 = Debug|x64
		Debug|x86 = Debug|x86
		Release|x64 = Release|x64
		Release|x86 = Release|x86
	EndGlobalSection
	GlobalSection(ProjectConfigurationPlatforms) = postSolution
		{9A0FD5A6-7433-45EE-ABA4-35DB7C985C0C}.Debug|x64.ActiveCfg = Debug|x64
		{9A0FD5A6-7433-45EE-ABA4-35DB7C985C0C}.Debug|x64.Build.0 = Debug|x64
		{9A0FD5A6-7433-45EE-ABA4-35DB7C985C0C}.Debug|x86.ActiveCfg = Debug|Win32
		{9A0FD5A6-7433-45EE-ABA4-35DB7C985C0C}.Debug|x86.Build.0 = Debug|Win32
		{9A0FD5A6-7433-45EE-ABA4-35DB7C985C0C}.Release|x64.ActiveCfg = Release|x64
		{9A0FD5A6-7433-45EE-ABA4-35DB7C985C0C}.Release|x64.Build.0 = Release|x64
		{9A0FD5A6-7433-45EE-ABA4-35DB7C985C0C}.Release|x86.ActiveCfg = Release|Win32
		{9A0FD5A6-7433-45EE-ABA4-35DB7C985C0C}.Release|x86.Build.0 = Release|Win32
	EndGlobalSection
	GlobalSection(SolutionProperties) = preSolution
		HideSolutionNode = FALSE
	EndGlobalSection
	GlobalSection(ExtensibilityGlobals) = postSolution
		SolutionGuid = {5E22F025-502F-475A-99C3-4C7DA7E77907}
	EndGlobalSection
EndGlobal
